PODS:
  - audio_service (0.0.1):
    - Flutter
  - audio_session (0.0.1):
    - Flutter
  - background_downloader (0.0.1):
    - Flutter
  - better_cupertino_slider (0.0.3):
    - Flutter
  - device_info (0.0.1):
    - Flutter
  - device_info_plus (0.0.1):
    - Flutter
  - Flutter (1.0.0)
  - flutter_carplay (1.0.3):
    - Flutter
  - flutter_to_airplay (0.0.1):
    - Flutter
    - Mux-Stats-AVPlayer
  - isar_flutter_libs (1.0.0):
    - Flutter
  - just_audio (0.0.1):
    - Flutter
  - Mux-Stats-AVPlayer (4.1.0):
    - Mux-Stats-Core (= 5.1.0)
  - Mux-Stats-Core (5.1.0)
  - path_provider_foundation (0.0.1):
    - Flutter
    - FlutterMacOS
  - sqflite_darwin (0.0.4):
    - Flutter
    - FlutterMacOS
  - url_launcher_ios (0.0.1):
    - Flutter

DEPENDENCIES:
  - audio_service (from `.symlinks/plugins/audio_service/ios`)
  - audio_session (from `.symlinks/plugins/audio_session/ios`)
  - background_downloader (from `.symlinks/plugins/background_downloader/ios`)
  - better_cupertino_slider (from `.symlinks/plugins/better_cupertino_slider/ios`)
  - device_info (from `.symlinks/plugins/device_info/ios`)
  - device_info_plus (from `.symlinks/plugins/device_info_plus/ios`)
  - Flutter (from `Flutter`)
  - flutter_carplay (from `.symlinks/plugins/flutter_carplay/ios`)
  - flutter_to_airplay (from `.symlinks/plugins/flutter_to_airplay/ios`)
  - isar_flutter_libs (from `.symlinks/plugins/isar_flutter_libs/ios`)
  - just_audio (from `.symlinks/plugins/just_audio/ios`)
  - path_provider_foundation (from `.symlinks/plugins/path_provider_foundation/darwin`)
  - sqflite_darwin (from `.symlinks/plugins/sqflite_darwin/darwin`)
  - url_launcher_ios (from `.symlinks/plugins/url_launcher_ios/ios`)

SPEC REPOS:
  trunk:
    - Mux-Stats-AVPlayer
    - Mux-Stats-Core

EXTERNAL SOURCES:
  audio_service:
    :path: ".symlinks/plugins/audio_service/ios"
  audio_session:
    :path: ".symlinks/plugins/audio_session/ios"
  background_downloader:
    :path: ".symlinks/plugins/background_downloader/ios"
  better_cupertino_slider:
    :path: ".symlinks/plugins/better_cupertino_slider/ios"
  device_info:
    :path: ".symlinks/plugins/device_info/ios"
  device_info_plus:
    :path: ".symlinks/plugins/device_info_plus/ios"
  Flutter:
    :path: Flutter
  flutter_carplay:
    :path: ".symlinks/plugins/flutter_carplay/ios"
  flutter_to_airplay:
    :path: ".symlinks/plugins/flutter_to_airplay/ios"
  isar_flutter_libs:
    :path: ".symlinks/plugins/isar_flutter_libs/ios"
  just_audio:
    :path: ".symlinks/plugins/just_audio/ios"
  path_provider_foundation:
    :path: ".symlinks/plugins/path_provider_foundation/darwin"
  sqflite_darwin:
    :path: ".symlinks/plugins/sqflite_darwin/darwin"
  url_launcher_ios:
    :path: ".symlinks/plugins/url_launcher_ios/ios"

SPEC CHECKSUMS:
  audio_service: f509d65da41b9521a61f1c404dd58651f265a567
  audio_session: 088d2483ebd1dc43f51d253d4a1c517d9a2e7207
  background_downloader: 9f788ffc5de45acf87d6380e91ca0841066c18cf
  better_cupertino_slider: 60c77e62d1b1aca409e682542518bdceda9af33f
  device_info: d7d233b645a32c40dfdc212de5cf646ca482f175
  device_info_plus: bf2e3232933866d73fe290f2942f2156cdd10342
  Flutter: e0871f40cf51350855a761d2e70bf5af5b9b5de7
  flutter_carplay: fe777eed6b4b159fcc4be4eada9e6465641202a2
  flutter_to_airplay: 3194fe6e4ca6ba1d9529c3c4194c32b9610d990f
  isar_flutter_libs: b69f437aeab9c521821c3f376198c4371fa21073
  just_audio: baa7252489dbcf47a4c7cc9ca663e9661c99aafa
  Mux-Stats-AVPlayer: f56ddbd8c47bf8f86cb796a21dd7f1f38f6d1e33
  Mux-Stats-Core: 0886b1720a2eacfeb01cc81a462c0d0274350412
  path_provider_foundation: 2b6b4c569c0fb62ec74538f866245ac84301af46
  sqflite_darwin: a553b1fd6fe66f53bbb0fe5b4f5bab93f08d7a13
  url_launcher_ios: 5334b05cef931de560670eeae103fd3e431ac3fe

PODFILE CHECKSUM: ca271a7dbf01ee99ff9d32171f809a9978f077e0

COCOAPODS: 1.15.2
